
Microsoft Visual Studio Solution File, Format Version 12.00
# Visual Studio Version 16
VisualStudioVersion = 16.0.30611.23
MinimumVisualStudioVersion = 10.0.40219.1
Project("{FAE04EC0-301F-11D3-BF4B-00C04F79EFBC}") = "ExamTimetable", "ExamTimetable\ExamTimetable.csproj", "{175AF8F1-EE78-466A-954F-559F3DD07AEA}"
EndProject
Global
	GlobalSection(SolutionConfigurationPlatforms) = preSolution
		Debug|Any CPU = Debug|Any CPU
		Release|Any CPU = Release|Any CPU
	EndGlobalSection
	GlobalSection(ProjectConfigurationPlatforms) = postSolution
		{175AF8F1-EE78-466A-954F-559F3DD07AEA}.Debug|Any CPU.ActiveCfg = Debug|Any CPU
		{175AF8F1-EE78-466A-954F-559F3DD07AEA}.Debug|Any CPU.Build.0 = Debug|Any CPU
		{175AF8F1-EE78-466A-954F-559F3DD07AEA}.Release|Any CPU.ActiveCfg = Release|Any CPU
		{175AF8F1-EE78-466A-954F-559F3DD07AEA}.Release|Any CPU.Build.0 = Release|Any CPU
	EndGlobalSection
	GlobalSection(SolutionProperties) = preSolution
		HideSolutionNode = FALSE
	EndGlobalSection
	GlobalSection(ExtensibilityGlobals) = postSolution
		SolutionGuid = {6E85A4E5-D9DD-476A-B03A-A7E880DDE475}
	EndGlobalSection
EndGlobal
